
Microsoft Visual Studio Solution File, Format Version 12.00
# Visual Studio Version 17
VisualStudioVersion = 17.1.32210.238
MinimumVisualStudioVersion = 10.0.40219.1
Project("{2150E333-8FDC-42A3-9474-1A3956D46DE8}") = "SocialNetworkApi", "SocialNetworkApi", "{EEC6239A-A929-4C49-A19F-FD9A8E4038A6}"
EndProject
Project("{2150E333-8FDC-42A3-9474-1A3956D46DE8}") = "SNA.Domain", "SNA.Domain", "{6C473746-24B9-418E-A36B-98163762F663}"
EndProject
Project("{9A19103F-16F7-4668-BE54-9A1E7A4F7556}") = "SocialNetworkApi.Domain", "SocialNetworkApi\SNA.Domain\SocialNetworkApi.Domain\SocialNetworkApi.Domain.csproj", "{5691AE3A-BAA4-4F2B-80A7-D4A80B128971}"
EndProject
Project("{2150E333-8FDC-42A3-9474-1A3956D46DE8}") = "Documentation", "Documentation", "{9BC7DB66-D647-45CA-8DCA-902D1B46CB64}"
	ProjectSection(SolutionItems) = preProject
		Documentation\Document V6.docx = Documentation\Document V6.docx
		Documentation\Documentation Excell.xlsx = Documentation\Documentation Excell.xlsx
		Documentation\Timing work.xlsx = Documentation\Timing work.xlsx
	EndProjectSection
EndProject
Project("{FAE04EC0-301F-11D3-BF4B-00C04F79EFBC}") = "00_Framework", "00_Framework\00_Framework.csproj", "{638250B1-1C00-499E-9286-DE1D0B58EA7E}"
EndProject
Project("{2150E333-8FDC-42A3-9474-1A3956D46DE8}") = "SNA.Application", "SNA.Application", "{EB121636-DBA8-45C0-B7F1-0A31703FDDBA}"
EndProject
Project("{FAE04EC0-301F-11D3-BF4B-00C04F79EFBC}") = "SocialNetworkApi.Application.Contracts", "SocialNetworkApi\SNA.Application\SocialNetworkApi.Application.Contracts\SocialNetworkApi.Application.Contracts.csproj", "{444FB1DF-1111-48A1-B149-60AF3E375363}"
EndProject
Project("{FAE04EC0-301F-11D3-BF4B-00C04F79EFBC}") = "SocialNetworkApi.Application", "SocialNetworkApi.Application\SocialNetworkApi.Application.csproj", "{B1B997CB-368D-4157-A3DB-92BAB26E8A6D}"
EndProject
Project("{2150E333-8FDC-42A3-9474-1A3956D46DE8}") = "SNA.Infrastructure", "SNA.Infrastructure", "{F6284430-4B80-464B-B3B1-902C03970FC8}"
EndProject
Project("{FAE04EC0-301F-11D3-BF4B-00C04F79EFBC}") = "SocialNetworkApi.Infrastructure.EfCore", "SocialNetworkApi\SNA.Infrastructure\SocialNetworkApi.Infrastructure.Efcore\SocialNetworkApi.Infrastructure.EfCore.csproj", "{EDAEF222-34C2-4E51-86D0-DF466570765C}"
EndProject
Global
	GlobalSection(SolutionConfigurationPlatforms) = preSolution
		Debug|Any CPU = Debug|Any CPU
		Release|Any CPU = Release|Any CPU
	EndGlobalSection
	GlobalSection(ProjectConfigurationPlatforms) = postSolution
		{5691AE3A-BAA4-4F2B-80A7-D4A80B128971}.Debug|Any CPU.ActiveCfg = Debug|Any CPU
		{5691AE3A-BAA4-4F2B-80A7-D4A80B128971}.Debug|Any CPU.Build.0 = Debug|Any CPU
		{5691AE3A-BAA4-4F2B-80A7-D4A80B128971}.Release|Any CPU.ActiveCfg = Release|Any CPU
		{5691AE3A-BAA4-4F2B-80A7-D4A80B128971}.Release|Any CPU.Build.0 = Release|Any CPU
		{638250B1-1C00-499E-9286-DE1D0B58EA7E}.Debug|Any CPU.ActiveCfg = Debug|Any CPU
		{638250B1-1C00-499E-9286-DE1D0B58EA7E}.Debug|Any CPU.Build.0 = Debug|Any CPU
		{638250B1-1C00-499E-9286-DE1D0B58EA7E}.Release|Any CPU.ActiveCfg = Release|Any CPU
		{638250B1-1C00-499E-9286-DE1D0B58EA7E}.Release|Any CPU.Build.0 = Release|Any CPU
		{444FB1DF-1111-48A1-B149-60AF3E375363}.Debug|Any CPU.ActiveCfg = Debug|Any CPU
		{444FB1DF-1111-48A1-B149-60AF3E375363}.Debug|Any CPU.Build.0 = Debug|Any CPU
		{444FB1DF-1111-48A1-B149-60AF3E375363}.Release|Any CPU.ActiveCfg = Release|Any CPU
		{444FB1DF-1111-48A1-B149-60AF3E375363}.Release|Any CPU.Build.0 = Release|Any CPU
		{B1B997CB-368D-4157-A3DB-92BAB26E8A6D}.Debug|Any CPU.ActiveCfg = Debug|Any CPU
		{B1B997CB-368D-4157-A3DB-92BAB26E8A6D}.Debug|Any CPU.Build.0 = Debug|Any CPU
		{B1B997CB-368D-4157-A3DB-92BAB26E8A6D}.Release|Any CPU.ActiveCfg = Release|Any CPU
		{B1B997CB-368D-4157-A3DB-92BAB26E8A6D}.Release|Any CPU.Build.0 = Release|Any CPU
		{EDAEF222-34C2-4E51-86D0-DF466570765C}.Debug|Any CPU.ActiveCfg = Debug|Any CPU
		{EDAEF222-34C2-4E51-86D0-DF466570765C}.Debug|Any CPU.Build.0 = Debug|Any CPU
		{EDAEF222-34C2-4E51-86D0-DF466570765C}.Release|Any CPU.ActiveCfg = Release|Any CPU
		{EDAEF222-34C2-4E51-86D0-DF466570765C}.Release|Any CPU.Build.0 = Release|Any CPU
	EndGlobalSection
	GlobalSection(SolutionProperties) = preSolution
		HideSolutionNode = FALSE
	EndGlobalSection
	GlobalSection(NestedProjects) = preSolution
		{6C473746-24B9-418E-A36B-98163762F663} = {EEC6239A-A929-4C49-A19F-FD9A8E4038A6}
		{5691AE3A-BAA4-4F2B-80A7-D4A80B128971} = {6C473746-24B9-418E-A36B-98163762F663}
		{EB121636-DBA8-45C0-B7F1-0A31703FDDBA} = {EEC6239A-A929-4C49-A19F-FD9A8E4038A6}
		{444FB1DF-1111-48A1-B149-60AF3E375363} = {EB121636-DBA8-45C0-B7F1-0A31703FDDBA}
		{B1B997CB-368D-4157-A3DB-92BAB26E8A6D} = {EB121636-DBA8-45C0-B7F1-0A31703FDDBA}
		{F6284430-4B80-464B-B3B1-902C03970FC8} = {EEC6239A-A929-4C49-A19F-FD9A8E4038A6}
		{EDAEF222-34C2-4E51-86D0-DF466570765C} = {F6284430-4B80-464B-B3B1-902C03970FC8}
	EndGlobalSection
	GlobalSection(ExtensibilityGlobals) = postSolution
		SolutionGuid = {BC31ADF8-B0D5-4D8B-9ED1-4F1939D7B26A}
	EndGlobalSection
EndGlobal
